{
  "name": "social-media-stats-servant",
  "lockfileVersion": 2,
  "requires": true,
  "packages": {
    "": {
      "dependencies": {
        "@playwright/test": "^1.38.0-alpha-sep-8-2023"
      }
    },
    "node_modules/@playwright/test": {
      "version": "1.38.0-alpha-sep-8-2023",
      "resolved": "https://registry.npmjs.org/@playwright/test/-/test-1.38.0-alpha-sep-8-2023.tgz",
      "integrity": "sha512-bm/52oHr88zSRhedfAdjEtGsvP2+qHiNJgMEJCbBIVPSdKJ5rUvDZ1ezusleVw5AJGmNfbvY6mvMZt8p+2JW+A==",
      "dependencies": {
        "playwright-core": "1.38.0-alpha-sep-8-2023"
      },
      "bin": {
        "playwright": "cli.js"
      },
      "engines": {
        "node": ">=16"
      },
      "optionalDependencies": {
        "fsevents": "2.3.2"
      }
    },
    "node_modules/fsevents": {
      "version": "2.3.2",
      "resolved": "https://registry.npmjs.org/fsevents/-/fsevents-2.3.2.tgz",
      "integrity": "sha512-xiqMQR4xAeHTuB9uWm+fFRcIOgKBMiOBP+eXiyT7jsgVCq1bkVygt00oASowB7EdtpOHaaPgKt812P9ab+DDKA==",
      "hasInstallScript": true,
      "optional": true,
      "os": [
        "darwin"
      ],
      "engines": {
        "node": "^8.16.0 || ^10.6.0 || >=11.0.0"
      }
    },
    "node_modules/playwright-core": {
      "version": "1.38.0-alpha-sep-8-2023",
      "resolved": "https://registry.npmjs.org/playwright-core/-/playwright-core-1.38.0-alpha-sep-8-2023.tgz",
      "integrity": "sha512-MvdCUCWqaNdv7YH481q7km6SpXDdJV+HJXX0NhuiFJ7vakJ6MKxKWZVef6EeaK/mt+7xWQ/p3Uyc+ZPCyTDcDg==",
      "bin": {
        "playwright-core": "cli.js"
      },
      "engines": {
        "node": ">=16"
      }
    }
  },
  "dependencies": {
    "@playwright/test": {
      "version": "1.38.0-alpha-sep-8-2023",
      "resolved": "https://registry.npmjs.org/@playwright/test/-/test-1.38.0-alpha-sep-8-2023.tgz",
      "integrity": "sha512-bm/52oHr88zSRhedfAdjEtGsvP2+qHiNJgMEJCbBIVPSdKJ5rUvDZ1ezusleVw5AJGmNfbvY6mvMZt8p+2JW+A==",
      "requires": {
        "fsevents": "2.3.2",
        "playwright-core": "1.38.0-alpha-sep-8-2023"
      }
    },
    "fsevents": {
      "version": "2.3.2",
      "resolved": "https://registry.npmjs.org/fsevents/-/fsevents-2.3.2.tgz",
      "integrity": "sha512-xiqMQR4xAeHTuB9uWm+fFRcIOgKBMiOBP+eXiyT7jsgVCq1bkVygt00oASowB7EdtpOHaaPgKt812P9ab+DDKA==",
      "optional": true
    },
    "playwright-core": {
      "version": "1.38.0-alpha-sep-8-2023",
      "resolved": "https://registry.npmjs.org/playwright-core/-/playwright-core-1.38.0-alpha-sep-8-2023.tgz",
      "integrity": "sha512-MvdCUCWqaNdv7YH481q7km6SpXDdJV+HJXX0NhuiFJ7vakJ6MKxKWZVef6EeaK/mt+7xWQ/p3Uyc+ZPCyTDcDg=="
    }
  }
}
